
Microsoft Visual Studio Solution File, Format Version 12.00
# Visual Studio Version 16
VisualStudioVersion = 16.0.29519.181
MinimumVisualStudioVersion = 10.0.40219.1
Project("{FAE04EC0-301F-11D3-BF4B-00C04F79EFBC}") = "NR 1.1.1", "NR 1.1.1\NR 1.1.1.csproj", "{498B73BF-ED27-46D3-B198-9C3015CC8EC9}"
EndProject
Global
	GlobalSection(SolutionConfigurationPlatforms) = preSolution
		Debug|Any CPU = Debug|Any CPU
		Release|Any CPU = Release|Any CPU
	EndGlobalSection
	GlobalSection(ProjectConfigurationPlatforms) = postSolution
		{498B73BF-ED27-46D3-B198-9C3015CC8EC9}.Debug|Any CPU.ActiveCfg = Debug|Any CPU
		{498B73BF-ED27-46D3-B198-9C3015CC8EC9}.Debug|Any CPU.Build.0 = Debug|Any CPU
		{498B73BF-ED27-46D3-B198-9C3015CC8EC9}.Release|Any CPU.ActiveCfg = Release|Any CPU
		{498B73BF-ED27-46D3-B198-9C3015CC8EC9}.Release|Any CPU.Build.0 = Release|Any CPU
	EndGlobalSection
	GlobalSection(SolutionProperties) = preSolution
		HideSolutionNode = FALSE
	EndGlobalSection
	GlobalSection(ExtensibilityGlobals) = postSolution
		SolutionGuid = {8BC34175-3C71-4FC5-8977-9861EEB01810}
	EndGlobalSection
EndGlobal
