
Microsoft Visual Studio Solution File, Format Version 12.00
# Visual Studio Version 16
VisualStudioVersion = 16.0.29613.14
MinimumVisualStudioVersion = 10.0.40219.1
Project("{FAE04EC0-301F-11D3-BF4B-00C04F79EFBC}") = "App1", "App1\App1.csproj", "{AAEB552D-EBB3-4673-93C7-C81AA3596E38}"
EndProject
Global
	GlobalSection(SolutionConfigurationPlatforms) = preSolution
		Debug|Any CPU = Debug|Any CPU
		Release|Any CPU = Release|Any CPU
	EndGlobalSection
	GlobalSection(ProjectConfigurationPlatforms) = postSolution
		{AAEB552D-EBB3-4673-93C7-C81AA3596E38}.Debug|Any CPU.ActiveCfg = Debug|Any CPU
		{AAEB552D-EBB3-4673-93C7-C81AA3596E38}.Debug|Any CPU.Build.0 = Debug|Any CPU
		{AAEB552D-EBB3-4673-93C7-C81AA3596E38}.Release|Any CPU.ActiveCfg = Release|Any CPU
		{AAEB552D-EBB3-4673-93C7-C81AA3596E38}.Release|Any CPU.Build.0 = Release|Any CPU
	EndGlobalSection
	GlobalSection(SolutionProperties) = preSolution
		HideSolutionNode = FALSE
	EndGlobalSection
	GlobalSection(ExtensibilityGlobals) = postSolution
		SolutionGuid = {45F1B3E3-7CEE-4B45-9B23-6E6B63D17169}
	EndGlobalSection
EndGlobal
