
Microsoft Visual Studio Solution File, Format Version 12.00
# Visual Studio Version 16
VisualStudioVersion = 16.0.29613.14
MinimumVisualStudioVersion = 10.0.40219.1
Project("{FAE04EC0-301F-11D3-BF4B-00C04F79EFBC}") = "List 1.2", "List 1.2\List 1.2.csproj", "{84440462-21D7-4EA2-9E5E-D9492C08E7AD}"
EndProject
Global
	GlobalSection(SolutionConfigurationPlatforms) = preSolution
		Debug|Any CPU = Debug|Any CPU
		Release|Any CPU = Release|Any CPU
	EndGlobalSection
	GlobalSection(ProjectConfigurationPlatforms) = postSolution
		{84440462-21D7-4EA2-9E5E-D9492C08E7AD}.Debug|Any CPU.ActiveCfg = Debug|Any CPU
		{84440462-21D7-4EA2-9E5E-D9492C08E7AD}.Debug|Any CPU.Build.0 = Debug|Any CPU
		{84440462-21D7-4EA2-9E5E-D9492C08E7AD}.Release|Any CPU.ActiveCfg = Release|Any CPU
		{84440462-21D7-4EA2-9E5E-D9492C08E7AD}.Release|Any CPU.Build.0 = Release|Any CPU
	EndGlobalSection
	GlobalSection(SolutionProperties) = preSolution
		HideSolutionNode = FALSE
	EndGlobalSection
	GlobalSection(ExtensibilityGlobals) = postSolution
		SolutionGuid = {901C45A0-407E-4552-84CA-85E3D37D7954}
	EndGlobalSection
EndGlobal
