
Microsoft Visual Studio Solution File, Format Version 12.00
# Visual Studio Version 16
VisualStudioVersion = 16.0.29519.181
MinimumVisualStudioVersion = 10.0.40219.1
Project("{FAE04EC0-301F-11D3-BF4B-00C04F79EFBC}") = "NR 1", "NR 1\NR 1.csproj", "{FDD92846-72C5-4DFD-A267-6B541D45D0B6}"
EndProject
Global
	GlobalSection(SolutionConfigurationPlatforms) = preSolution
		Debug|Any CPU = Debug|Any CPU
		Release|Any CPU = Release|Any CPU
	EndGlobalSection
	GlobalSection(ProjectConfigurationPlatforms) = postSolution
		{FDD92846-72C5-4DFD-A267-6B541D45D0B6}.Debug|Any CPU.ActiveCfg = Debug|Any CPU
		{FDD92846-72C5-4DFD-A267-6B541D45D0B6}.Debug|Any CPU.Build.0 = Debug|Any CPU
		{FDD92846-72C5-4DFD-A267-6B541D45D0B6}.Release|Any CPU.ActiveCfg = Release|Any CPU
		{FDD92846-72C5-4DFD-A267-6B541D45D0B6}.Release|Any CPU.Build.0 = Release|Any CPU
	EndGlobalSection
	GlobalSection(SolutionProperties) = preSolution
		HideSolutionNode = FALSE
	EndGlobalSection
	GlobalSection(ExtensibilityGlobals) = postSolution
		SolutionGuid = {AA6F93BC-A3AB-4070-A040-CCDD3AB3D537}
	EndGlobalSection
EndGlobal
